{
  "requires": true,
  "lockfileVersion": 1,
  "dependencies": {
    "@ng-dynamic-forms/core": {
      "version": "9.0.1",
      "resolved": "https://registry.npmjs.org/@ng-dynamic-forms/core/-/core-9.0.1.tgz",
      "integrity": "sha512-CnP0ZDdcRA0AFwSMqORQafPYZf27naM820v7vaEhUUa8sUi9Y1xWABw/dK4Jm/867QgUISGWTHWe7QcLcDyKSQ==",
      "requires": {
        "tslib": "^1.9.0"
      }
    },
    "tslib": {
      "version": "1.10.0",
      "resolved": "https://registry.npmjs.org/tslib/-/tslib-1.10.0.tgz",
      "integrity": "sha512-qOebF53frne81cf0S9B41ByenJ3/IuH8yJKngAX35CmiZySA0khhkovshKK+jGCaMnVomla7gVlIcc3EvKPbTQ=="
    }
  }
}
